{
  "name": "02-basic",
  "lockfileVersion": 3,
  "requires": true,
  "packages": {
    "": {
      "dependencies": {
        "three": "^0.160.1"
      }
    },
    "node_modules/.pnpm/dat.gui@0.7.9/node_modules/dat.gui": {
      "version": "0.7.9",
      "extraneous": true,
      "license": "Apache-2.0",
      "devDependencies": {
        "babel-core": "^6.26.3",
        "babel-plugin-external-helpers": "^6.22.0",
        "babel-preset-env": "^1.7.0",
        "concurrently": "^3.5.1",
        "eslint": "^6.8.0",
        "eslint-config-airbnb-base": "^14.1.0",
        "eslint-loader": "^4.0.0",
        "eslint-plugin-import": "^2.20.2",
        "extend": "^3.0.2",
        "jsdoc-to-markdown": "^5.0.3",
        "replace-between": "0.0.8",
        "rollup": "^0.54.1",
        "rollup-plugin-babel": "^3.0.4",
        "rollup-plugin-cleanup": "^3.1.1",
        "rollup-plugin-node-resolve": "^3.3.0",
        "rollup-plugin-sass": "^0.6.1",
        "rollup-plugin-uglify": "^2.0.1",
        "serve": "^11.3.0"
      }
    },
    "node_modules/.pnpm/gsap@3.12.2/node_modules/gsap": {
      "version": "3.12.2",
      "extraneous": true,
      "license": "Standard 'no charge' license: https://greensock.com/standard-license. Club GreenSock members get more: https://greensock.com/licensing/. Why GreenSock doesn't employ an MIT license: https://greensock.com/why-license/"
    },
    "node_modules/three": {
      "version": "0.160.1",
      "resolved": "https://registry.npmmirror.com/three/-/three-0.160.1.tgz",
      "integrity": "sha512-Bgl2wPJypDOZ1stAxwfWAcJ0WQf7QzlptsxkjYiURPz+n5k4RBDLsq+6f9Y75TYxn6aHLcWz+JNmwTOXWrQTBQ=="
    }
  }
}
